
Microsoft Visual Studio Solution File, Format Version 12.00
# Visual Studio Version 17
VisualStudioVersion = 17.0.31903.59
MinimumVisualStudioVersion = 10.0.40219.1
Project("{2150E333-8FDC-42A3-9474-1A3956D46DE8}") = "src", "src", "{827E0CD3-B72D-47B6-A68D-7590B98EB39B}"
EndProject
Project("{FAE04EC0-301F-11D3-BF4B-00C04F79EFBC}") = "PadToMIDI.Midi.Windows", "src\PadToMIDI.Midi.Windows\PadToMIDI.Midi.Windows.csproj", "{06927F40-DD0D-4458-89C3-B7DD4565D1F7}"
EndProject
Project("{FAE04EC0-301F-11D3-BF4B-00C04F79EFBC}") = "PadToMIDI.Core", "src\PadToMIDI.Core\PadToMIDI.Core.csproj", "{039D06D2-E79A-4403-9227-1EE2ED4F86AE}"
EndProject
Project("{FAE04EC0-301F-11D3-BF4B-00C04F79EFBC}") = "PadToMIDI.App", "src\PadToMIDI.App\PadToMIDI.App.csproj", "{404B6966-4C5B-4063-AECB-B2A9C5EB57BB}"
EndProject
Project("{FAE04EC0-301F-11D3-BF4B-00C04F79EFBC}") = "PadToMIDI.Input.Sdl", "src\PadToMIDI.Input.Sdl\PadToMIDI.Input.Sdl.csproj", "{ABCDEFF4-BD33-42C3-941D-57B89A03AC0D}"
EndProject
Project("{2150E333-8FDC-42A3-9474-1A3956D46DE8}") = "tests", "tests", "{0AB3BF05-4346-4AA6-1389-037BE0695223}"
EndProject
Project("{FAE04EC0-301F-11D3-BF4B-00C04F79EFBC}") = "PadToMIDI.Core.Tests", "tests\PadToMIDI.Core.Tests\PadToMIDI.Core.Tests.csproj", "{77BFAB85-1B63-4B60-BEDD-BFD1BA2B7464}"
EndProject
Project("{FAE04EC0-301F-11D3-BF4B-00C04F79EFBC}") = "PadToMIDI.Midi.Windows.Tests", "tests\PadToMIDI.Midi.Windows.Tests\PadToMIDI.Midi.Windows.Tests.csproj", "{78499162-ADF9-4F55-8F18-48774BBDBA64}"
EndProject
Project("{FAE04EC0-301F-11D3-BF4B-00C04F79EFBC}") = "PadToMIDI.App.Tests", "tests\PadToMIDI.App.Tests\PadToMIDI.App.Tests.csproj", "{D1AD9CF6-46B2-4594-904C-D4268269086B}"
EndProject
Global
	GlobalSection(SolutionConfigurationPlatforms) = preSolution
		Debug|Any CPU = Debug|Any CPU
		Debug|x64 = Debug|x64
		Debug|x86 = Debug|x86
		Release|Any CPU = Release|Any CPU
		Release|x64 = Release|x64
		Release|x86 = Release|x86
	EndGlobalSection
	GlobalSection(ProjectConfigurationPlatforms) = postSolution
		{06927F40-DD0D-4458-89C3-B7DD4565D1F7}.Debug|Any CPU.ActiveCfg = Debug|Any CPU
		{06927F40-DD0D-4458-89C3-B7DD4565D1F7}.Debug|Any CPU.Build.0 = Debug|Any CPU
		{06927F40-DD0D-4458-89C3-B7DD4565D1F7}.Debug|x64.ActiveCfg = Debug|Any CPU
		{06927F40-DD0D-4458-89C3-B7DD4565D1F7}.Debug|x64.Build.0 = Debug|Any CPU
		{06927F40-DD0D-4458-89C3-B7DD4565D1F7}.Debug|x86.ActiveCfg = Debug|Any CPU
		{06927F40-DD0D-4458-89C3-B7DD4565D1F7}.Debug|x86.Build.0 = Debug|Any CPU
		{06927F40-DD0D-4458-89C3-B7DD4565D1F7}.Release|Any CPU.ActiveCfg = Release|Any CPU
		{06927F40-DD0D-4458-89C3-B7DD4565D1F7}.Release|Any CPU.Build.0 = Release|Any CPU
		{06927F40-DD0D-4458-89C3-B7DD4565D1F7}.Release|x64.ActiveCfg = Release|Any CPU
		{06927F40-DD0D-4458-89C3-B7DD4565D1F7}.Release|x64.Build.0 = Release|Any CPU
		{06927F40-DD0D-4458-89C3-B7DD4565D1F7}.Release|x86.ActiveCfg = Release|Any CPU
		{06927F40-DD0D-4458-89C3-B7DD4565D1F7}.Release|x86.Build.0 = Release|Any CPU
		{039D06D2-E79A-4403-9227-1EE2ED4F86AE}.Debug|Any CPU.ActiveCfg = Debug|Any CPU
		{039D06D2-E79A-4403-9227-1EE2ED4F86AE}.Debug|Any CPU.Build.0 = Debug|Any CPU
		{039D06D2-E79A-4403-9227-1EE2ED4F86AE}.Debug|x64.ActiveCfg = Debug|Any CPU
		{039D06D2-E79A-4403-9227-1EE2ED4F86AE}.Debug|x64.Build.0 = Debug|Any CPU
		{039D06D2-E79A-4403-9227-1EE2ED4F86AE}.Debug|x86.ActiveCfg = Debug|Any CPU
		{039D06D2-E79A-4403-9227-1EE2ED4F86AE}.Debug|x86.Build.0 = Debug|Any CPU
		{039D06D2-E79A-4403-9227-1EE2ED4F86AE}.Release|Any CPU.ActiveCfg = Release|Any CPU
		{039D06D2-E79A-4403-9227-1EE2ED4F86AE}.Release|Any CPU.Build.0 = Release|Any CPU
		{039D06D2-E79A-4403-9227-1EE2ED4F86AE}.Release|x64.ActiveCfg = Release|Any CPU
		{039D06D2-E79A-4403-9227-1EE2ED4F86AE}.Release|x64.Build.0 = Release|Any CPU
		{039D06D2-E79A-4403-9227-1EE2ED4F86AE}.Release|x86.ActiveCfg = Release|Any CPU
		{039D06D2-E79A-4403-9227-1EE2ED4F86AE}.Release|x86.Build.0 = Release|Any CPU
		{404B6966-4C5B-4063-AECB-B2A9C5EB57BB}.Debug|Any CPU.ActiveCfg = Debug|Any CPU
		{404B6966-4C5B-4063-AECB-B2A9C5EB57BB}.Debug|Any CPU.Build.0 = Debug|Any CPU
		{404B6966-4C5B-4063-AECB-B2A9C5EB57BB}.Debug|x64.ActiveCfg = Debug|Any CPU
		{404B6966-4C5B-4063-AECB-B2A9C5EB57BB}.Debug|x64.Build.0 = Debug|Any CPU
		{404B6966-4C5B-4063-AECB-B2A9C5EB57BB}.Debug|x86.ActiveCfg = Debug|Any CPU
		{404B6966-4C5B-4063-AECB-B2A9C5EB57BB}.Debug|x86.Build.0 = Debug|Any CPU
		{404B6966-4C5B-4063-AECB-B2A9C5EB57BB}.Release|Any CPU.ActiveCfg = Release|Any CPU
		{404B6966-4C5B-4063-AECB-B2A9C5EB57BB}.Release|Any CPU.Build.0 = Release|Any CPU
		{404B6966-4C5B-4063-AECB-B2A9C5EB57BB}.Release|x64.ActiveCfg = Release|Any CPU
		{404B6966-4C5B-4063-AECB-B2A9C5EB57BB}.Release|x64.Build.0 = Release|Any CPU
		{404B6966-4C5B-4063-AECB-B2A9C5EB57BB}.Release|x86.ActiveCfg = Release|Any CPU
		{404B6966-4C5B-4063-AECB-B2A9C5EB57BB}.Release|x86.Build.0 = Release|Any CPU
		{ABCDEFF4-BD33-42C3-941D-57B89A03AC0D}.Debug|Any CPU.ActiveCfg = Debug|Any CPU
		{ABCDEFF4-BD33-42C3-941D-57B89A03AC0D}.Debug|Any CPU.Build.0 = Debug|Any CPU
		{ABCDEFF4-BD33-42C3-941D-57B89A03AC0D}.Debug|x64.ActiveCfg = Debug|Any CPU
		{ABCDEFF4-BD33-42C3-941D-57B89A03AC0D}.Debug|x64.Build.0 = Debug|Any CPU
		{ABCDEFF4-BD33-42C3-941D-57B89A03AC0D}.Debug|x86.ActiveCfg = Debug|Any CPU
		{ABCDEFF4-BD33-42C3-941D-57B89A03AC0D}.Debug|x86.Build.0 = Debug|Any CPU
		{ABCDEFF4-BD33-42C3-941D-57B89A03AC0D}.Release|Any CPU.ActiveCfg = Release|Any CPU
		{ABCDEFF4-BD33-42C3-941D-57B89A03AC0D}.Release|Any CPU.Build.0 = Release|Any CPU
		{ABCDEFF4-BD33-42C3-941D-57B89A03AC0D}.Release|x64.ActiveCfg = Release|Any CPU
		{ABCDEFF4-BD33-42C3-941D-57B89A03AC0D}.Release|x64.Build.0 = Release|Any CPU
		{ABCDEFF4-BD33-42C3-941D-57B89A03AC0D}.Release|x86.ActiveCfg = Release|Any CPU
		{ABCDEFF4-BD33-42C3-941D-57B89A03AC0D}.Release|x86.Build.0 = Release|Any CPU
		{77BFAB85-1B63-4B60-BEDD-BFD1BA2B7464}.Debug|Any CPU.ActiveCfg = Debug|Any CPU
		{77BFAB85-1B63-4B60-BEDD-BFD1BA2B7464}.Debug|Any CPU.Build.0 = Debug|Any CPU
		{77BFAB85-1B63-4B60-BEDD-BFD1BA2B7464}.Debug|x64.ActiveCfg = Debug|Any CPU
		{77BFAB85-1B63-4B60-BEDD-BFD1BA2B7464}.Debug|x64.Build.0 = Debug|Any CPU
		{77BFAB85-1B63-4B60-BEDD-BFD1BA2B7464}.Debug|x86.ActiveCfg = Debug|Any CPU
		{77BFAB85-1B63-4B60-BEDD-BFD1BA2B7464}.Debug|x86.Build.0 = Debug|Any CPU
		{77BFAB85-1B63-4B60-BEDD-BFD1BA2B7464}.Release|Any CPU.ActiveCfg = Release|Any CPU
		{77BFAB85-1B63-4B60-BEDD-BFD1BA2B7464}.Release|Any CPU.Build.0 = Release|Any CPU
		{77BFAB85-1B63-4B60-BEDD-BFD1BA2B7464}.Release|x64.ActiveCfg = Release|Any CPU
		{77BFAB85-1B63-4B60-BEDD-BFD1BA2B7464}.Release|x64.Build.0 = Release|Any CPU
		{77BFAB85-1B63-4B60-BEDD-BFD1BA2B7464}.Release|x86.ActiveCfg = Release|Any CPU
		{77BFAB85-1B63-4B60-BEDD-BFD1BA2B7464}.Release|x86.Build.0 = Release|Any CPU
		{78499162-ADF9-4F55-8F18-48774BBDBA64}.Debug|Any CPU.ActiveCfg = Debug|Any CPU
		{78499162-ADF9-4F55-8F18-48774BBDBA64}.Debug|Any CPU.Build.0 = Debug|Any CPU
		{78499162-ADF9-4F55-8F18-48774BBDBA64}.Debug|x64.ActiveCfg = Debug|Any CPU
		{78499162-ADF9-4F55-8F18-48774BBDBA64}.Debug|x64.Build.0 = Debug|Any CPU
		{78499162-ADF9-4F55-8F18-48774BBDBA64}.Debug|x86.ActiveCfg = Debug|Any CPU
		{78499162-ADF9-4F55-8F18-48774BBDBA64}.Debug|x86.Build.0 = Debug|Any CPU
		{78499162-ADF9-4F55-8F18-48774BBDBA64}.Release|Any CPU.ActiveCfg = Release|Any CPU
		{78499162-ADF9-4F55-8F18-48774BBDBA64}.Release|Any CPU.Build.0 = Release|Any CPU
		{78499162-ADF9-4F55-8F18-48774BBDBA64}.Release|x64.ActiveCfg = Release|Any CPU
		{78499162-ADF9-4F55-8F18-48774BBDBA64}.Release|x64.Build.0 = Release|Any CPU
		{78499162-ADF9-4F55-8F18-48774BBDBA64}.Release|x86.ActiveCfg = Release|Any CPU
		{78499162-ADF9-4F55-8F18-48774BBDBA64}.Release|x86.Build.0 = Release|Any CPU
		{D1AD9CF6-46B2-4594-904C-D4268269086B}.Debug|Any CPU.ActiveCfg = Debug|Any CPU
		{D1AD9CF6-46B2-4594-904C-D4268269086B}.Debug|Any CPU.Build.0 = Debug|Any CPU
		{D1AD9CF6-46B2-4594-904C-D4268269086B}.Debug|x64.ActiveCfg = Debug|Any CPU
		{D1AD9CF6-46B2-4594-904C-D4268269086B}.Debug|x64.Build.0 = Debug|Any CPU
		{D1AD9CF6-46B2-4594-904C-D4268269086B}.Debug|x86.ActiveCfg = Debug|Any CPU
		{D1AD9CF6-46B2-4594-904C-D4268269086B}.Debug|x86.Build.0 = Debug|Any CPU
		{D1AD9CF6-46B2-4594-904C-D4268269086B}.Release|Any CPU.ActiveCfg = Release|Any CPU
		{D1AD9CF6-46B2-4594-904C-D4268269086B}.Release|Any CPU.Build.0 = Release|Any CPU
		{D1AD9CF6-46B2-4594-904C-D4268269086B}.Release|x64.ActiveCfg = Release|Any CPU
		{D1AD9CF6-46B2-4594-904C-D4268269086B}.Release|x64.Build.0 = Release|Any CPU
		{D1AD9CF6-46B2-4594-904C-D4268269086B}.Release|x86.ActiveCfg = Release|Any CPU
		{D1AD9CF6-46B2-4594-904C-D4268269086B}.Release|x86.Build.0 = Release|Any CPU
	EndGlobalSection
	GlobalSection(SolutionProperties) = preSolution
		HideSolutionNode = FALSE
	EndGlobalSection
	GlobalSection(NestedProjects) = preSolution
		{06927F40-DD0D-4458-89C3-B7DD4565D1F7} = {827E0CD3-B72D-47B6-A68D-7590B98EB39B}
		{039D06D2-E79A-4403-9227-1EE2ED4F86AE} = {827E0CD3-B72D-47B6-A68D-7590B98EB39B}
		{404B6966-4C5B-4063-AECB-B2A9C5EB57BB} = {827E0CD3-B72D-47B6-A68D-7590B98EB39B}
		{ABCDEFF4-BD33-42C3-941D-57B89A03AC0D} = {827E0CD3-B72D-47B6-A68D-7590B98EB39B}
		{77BFAB85-1B63-4B60-BEDD-BFD1BA2B7464} = {0AB3BF05-4346-4AA6-1389-037BE0695223}
		{78499162-ADF9-4F55-8F18-48774BBDBA64} = {0AB3BF05-4346-4AA6-1389-037BE0695223}
		{D1AD9CF6-46B2-4594-904C-D4268269086B} = {0AB3BF05-4346-4AA6-1389-037BE0695223}
	EndGlobalSection
EndGlobal
